
Microsoft Visual Studio Solution File, Format Version 12.00
# Visual Studio Version 16
VisualStudioVersion = 16.0.30320.27
MinimumVisualStudioVersion = 10.0.40219.1
Project("{FAE04EC0-301F-11D3-BF4B-00C04F79EFBC}") = "Test", "Test.csproj", "{3416DFEA-56E5-47B6-9D3F-92E2B4168D56}"
EndProject
Project("{FAE04EC0-301F-11D3-BF4B-00C04F79EFBC}") = "Logica", "..\Logica\Logica.csproj", "{B253E123-E31C-47F7-933D-53D58011768B}"
EndProject
Global
	GlobalSection(SolutionConfigurationPlatforms) = preSolution
		Debug|Any CPU = Debug|Any CPU
		Release|Any CPU = Release|Any CPU
	EndGlobalSection
	GlobalSection(ProjectConfigurationPlatforms) = postSolution
		{3416DFEA-56E5-47B6-9D3F-92E2B4168D56}.Debug|Any CPU.ActiveCfg = Debug|Any CPU
		{3416DFEA-56E5-47B6-9D3F-92E2B4168D56}.Debug|Any CPU.Build.0 = Debug|Any CPU
		{3416DFEA-56E5-47B6-9D3F-92E2B4168D56}.Release|Any CPU.ActiveCfg = Release|Any CPU
		{3416DFEA-56E5-47B6-9D3F-92E2B4168D56}.Release|Any CPU.Build.0 = Release|Any CPU
		{B253E123-E31C-47F7-933D-53D58011768B}.Debug|Any CPU.ActiveCfg = Debug|Any CPU
		{B253E123-E31C-47F7-933D-53D58011768B}.Debug|Any CPU.Build.0 = Debug|Any CPU
		{B253E123-E31C-47F7-933D-53D58011768B}.Release|Any CPU.ActiveCfg = Release|Any CPU
		{B253E123-E31C-47F7-933D-53D58011768B}.Release|Any CPU.Build.0 = Release|Any CPU
	EndGlobalSection
	GlobalSection(SolutionProperties) = preSolution
		HideSolutionNode = FALSE
	EndGlobalSection
	GlobalSection(ExtensibilityGlobals) = postSolution
		SolutionGuid = {CBC9AC66-D357-4BFD-99C3-7C34305D0920}
	EndGlobalSection
EndGlobal
