
Microsoft Visual Studio Solution File, Format Version 12.00
# Visual Studio Version 16
VisualStudioVersion = 16.0.30320.27
MinimumVisualStudioVersion = 10.0.40219.1
Project("{FAE04EC0-301F-11D3-BF4B-00C04F79EFBC}") = "Parcial", "Parcial.csproj", "{DB79D89F-8873-4D37-AE31-32D06D8A7199}"
EndProject
Project("{FAE04EC0-301F-11D3-BF4B-00C04F79EFBC}") = "Logica", "..\Logica\Logica.csproj", "{6AA58EE3-4F66-46DF-92B3-74D6F5C48AEB}"
EndProject
Project("{FAE04EC0-301F-11D3-BF4B-00C04F79EFBC}") = "UnitTestProject1", "..\UnitTestProject1\UnitTestProject1.csproj", "{C50CFC87-5C2D-48A4-8A91-C0C77947D0A6}"
EndProject
Global
	GlobalSection(SolutionConfigurationPlatforms) = preSolution
		Debug|Any CPU = Debug|Any CPU
		Release|Any CPU = Release|Any CPU
	EndGlobalSection
	GlobalSection(ProjectConfigurationPlatforms) = postSolution
		{DB79D89F-8873-4D37-AE31-32D06D8A7199}.Debug|Any CPU.ActiveCfg = Debug|Any CPU
		{DB79D89F-8873-4D37-AE31-32D06D8A7199}.Debug|Any CPU.Build.0 = Debug|Any CPU
		{DB79D89F-8873-4D37-AE31-32D06D8A7199}.Release|Any CPU.ActiveCfg = Release|Any CPU
		{DB79D89F-8873-4D37-AE31-32D06D8A7199}.Release|Any CPU.Build.0 = Release|Any CPU
		{6AA58EE3-4F66-46DF-92B3-74D6F5C48AEB}.Debug|Any CPU.ActiveCfg = Debug|Any CPU
		{6AA58EE3-4F66-46DF-92B3-74D6F5C48AEB}.Debug|Any CPU.Build.0 = Debug|Any CPU
		{6AA58EE3-4F66-46DF-92B3-74D6F5C48AEB}.Release|Any CPU.ActiveCfg = Release|Any CPU
		{6AA58EE3-4F66-46DF-92B3-74D6F5C48AEB}.Release|Any CPU.Build.0 = Release|Any CPU
		{C50CFC87-5C2D-48A4-8A91-C0C77947D0A6}.Debug|Any CPU.ActiveCfg = Debug|Any CPU
		{C50CFC87-5C2D-48A4-8A91-C0C77947D0A6}.Debug|Any CPU.Build.0 = Debug|Any CPU
		{C50CFC87-5C2D-48A4-8A91-C0C77947D0A6}.Release|Any CPU.ActiveCfg = Release|Any CPU
		{C50CFC87-5C2D-48A4-8A91-C0C77947D0A6}.Release|Any CPU.Build.0 = Release|Any CPU
	EndGlobalSection
	GlobalSection(SolutionProperties) = preSolution
		HideSolutionNode = FALSE
	EndGlobalSection
	GlobalSection(ExtensibilityGlobals) = postSolution
		SolutionGuid = {B3B9884F-A44F-4D8A-9885-E4E09C98D452}
	EndGlobalSection
EndGlobal
